<?xml version="1.0" encoding="utf-8"?>
<Project ToolsVersion="4.0" xmlns="http://schemas.microsoft.com/developer/msbuild/2003">
  <ItemGroup>
    <Filter Include="Source Files">
      <UniqueIdentifier>{4FC737F1-C7A5-4376-A066-2A32D752A2FF}</UniqueIdentifier>
      <Extensions>cpp;c;cc;cxx;c++;cppm;ixx;def;odl;idl;hpj;bat;asm;asmx</Extensions>
    </Filter>
    <Filter Include="Header Files">
      <UniqueIdentifier>{93995380-89BD-4b04-88EB-625FBE52EBFB}</UniqueIdentifier>
      <Extensions>h;hh;hpp;hxx;h++;hm;inl;inc;ipp;xsd</Extensions>
    </Filter>
    <Filter Include="Resource Files">
      <UniqueIdentifier>{67DA6AB6-F800-4c08-8B7A-83BB121AAD01}</UniqueIdentifier>
      <Extensions>rc;ico;cur;bmp;dlg;rc2;rct;bin;rgs;gif;jpg;jpeg;jpe;resx;tiff;tif;png;wav;mfcribbon-ms</Extensions>
    </Filter>
    <Filter Include="Header Files\Nuklear">
      <UniqueIdentifier>{8a1a2318-692e-4790-8ee7-72824a976eee}</UniqueIdentifier>
    </Filter>
    <Filter Include="Header Files\Data">
      <UniqueIdentifier>{9de0f536-9d93-4a50-9845-4eb11d7edb71}</UniqueIdentifier>
    </Filter>
    <Filter Include="Header Files\Data\Members">
      <UniqueIdentifier>{4e20f80f-6adb-4996-988d-3135270d0155}</UniqueIdentifier>
    </Filter>
    <Filter Include="Header Files\Data\Groups">
      <UniqueIdentifier>{144bf4cf-21cf-428e-a478-1beada042ff9}</UniqueIdentifier>
    </Filter>
    <Filter Include="Header Files\Data\Templates">
      <UniqueIdentifier>{15b2d9c4-93b3-4a9a-8246-c05453ab6a58}</UniqueIdentifier>
    </Filter>
    <Filter Include="Header Files\Data\Validation Rules">
      <UniqueIdentifier>{ec44a7fe-e1ef-402a-a99f-6b405a9269f6}</UniqueIdentifier>
    </Filter>
    <Filter Include="Header Files\Data\Shared">
      <UniqueIdentifier>{48e93d40-f9df-4109-a3f7-1ae4ab48f153}</UniqueIdentifier>
    </Filter>
    <Filter Include="Header Files\Nuklear\Core">
      <UniqueIdentifier>{954739de-b4e0-4d8b-9062-7e69f1e8c62c}</UniqueIdentifier>
    </Filter>
    <Filter Include="Header Files\Nuklear\Tool Windows">
      <UniqueIdentifier>{c393e7dd-0876-40cf-bb38-d96683ca794c}</UniqueIdentifier>
    </Filter>
    <Filter Include="Source Files\Nuklear">
      <UniqueIdentifier>{b8308dfa-57af-4197-aded-fece11878750}</UniqueIdentifier>
    </Filter>
    <Filter Include="Source Files\Nuklear\Tool Windows">
      <UniqueIdentifier>{9214a62f-1731-4da4-812c-b13a4e553b24}</UniqueIdentifier>
    </Filter>
  </ItemGroup>
  <ItemGroup>
    <ClInclude Include="Renderer\Renderer.h">
      <Filter>Header Files</Filter>
    </ClInclude>
    <ClInclude Include="Data\DataManager.h">
      <Filter>Header Files\Data</Filter>
    </ClInclude>
    <ClInclude Include="Data\Members\Member.h">
      <Filter>Header Files\Data\Members</Filter>
    </ClInclude>
    <ClInclude Include="Data\Members\MemberField.h">
      <Filter>Header Files\Data\Members</Filter>
    </ClInclude>
    <ClInclude Include="Data\Groups\Group.h">
      <Filter>Header Files\Data\Groups</Filter>
    </ClInclude>
    <ClInclude Include="Data\Templates\TemplateField.h">
      <Filter>Header Files\Data\Templates</Filter>
    </ClInclude>
    <ClInclude Include="Data\Templates\Template.h">
      <Filter>Header Files\Data\Templates</Filter>
    </ClInclude>
    <ClInclude Include="Data\Validation\ValidationRule.h">
      <Filter>Header Files\Data\Validation Rules</Filter>
    </ClInclude>
    <ClInclude Include="Data\Shared\DataTypes.h">
      <Filter>Header Files\Data\Shared</Filter>
    </ClInclude>
    <ClInclude Include="Data\Shared\DataInterfaces.h">
      <Filter>Header Files\Data\Shared</Filter>
    </ClInclude>
    <ClInclude Include="Nuklear\Core\nuklear.h">
      <Filter>Header Files\Nuklear\Core</Filter>
    </ClInclude>
    <ClInclude Include="Nuklear\Core\nuklear_d3d11.h">
      <Filter>Header Files\Nuklear\Core</Filter>
    </ClInclude>
    <ClInclude Include="Nuklear\Core\nuklear_d3d11_pixel_shader.h">
      <Filter>Header Files\Nuklear\Core</Filter>
    </ClInclude>
    <ClInclude Include="Nuklear\Core\nuklear_d3d11_vertex_shader.h">
      <Filter>Header Files\Nuklear\Core</Filter>
    </ClInclude>
    <ClInclude Include="Nuklear\Tool Windows\NuklearWindowManager.h">
      <Filter>Header Files\Nuklear\Tool Windows</Filter>
    </ClInclude>
    <ClInclude Include="Nuklear\Tool Windows\NuklearWindow.h">
      <Filter>Header Files\Nuklear\Tool Windows</Filter>
    </ClInclude>
  </ItemGroup>
  <ItemGroup>
    <ClCompile Include="main.cpp">
      <Filter>Source Files</Filter>
    </ClCompile>
    <ClCompile Include="Renderer\Renderer.cpp">
      <Filter>Source Files</Filter>
    </ClCompile>
    <ClCompile Include="Nuklear\Tool Windows\NuklearWindowManager.cpp">
      <Filter>Source Files\Nuklear\Tool Windows</Filter>
    </ClCompile>
  </ItemGroup>
</Project>